
Microsoft Visual Studio Solution File, Format Version 12.00
# Visual Studio Version 16
VisualStudioVersion = 16.0.30204.135
MinimumVisualStudioVersion = 10.0.40219.1
Project("{FAE04EC0-301F-11D3-BF4B-00C04F79EFBC}") = "PageParser", "PageParser\PageParser.csproj", "{719D0464-9A1F-46B5-8C8B-C12C827F32DC}"
	ProjectSection(ProjectDependencies) = postProject
		{0C5021C8-7E47-4B24-AECF-54FD9898520C} = {0C5021C8-7E47-4B24-AECF-54FD9898520C}
	EndProjectSection
EndProject
Project("{FAE04EC0-301F-11D3-BF4B-00C04F79EFBC}") = "DbRepositories", "DbRepositories\DbRepositories.csproj", "{0C5021C8-7E47-4B24-AECF-54FD9898520C}"
EndProject
Global
	GlobalSection(SolutionConfigurationPlatforms) = preSolution
		Debug|Any CPU = Debug|Any CPU
		Release|Any CPU = Release|Any CPU
	EndGlobalSection
	GlobalSection(ProjectConfigurationPlatforms) = postSolution
		{719D0464-9A1F-46B5-8C8B-C12C827F32DC}.Debug|Any CPU.ActiveCfg = Debug|Any CPU
		{719D0464-9A1F-46B5-8C8B-C12C827F32DC}.Debug|Any CPU.Build.0 = Debug|Any CPU
		{719D0464-9A1F-46B5-8C8B-C12C827F32DC}.Release|Any CPU.ActiveCfg = Release|Any CPU
		{719D0464-9A1F-46B5-8C8B-C12C827F32DC}.Release|Any CPU.Build.0 = Release|Any CPU
		{0C5021C8-7E47-4B24-AECF-54FD9898520C}.Debug|Any CPU.ActiveCfg = Debug|Any CPU
		{0C5021C8-7E47-4B24-AECF-54FD9898520C}.Debug|Any CPU.Build.0 = Debug|Any CPU
		{0C5021C8-7E47-4B24-AECF-54FD9898520C}.Release|Any CPU.ActiveCfg = Release|Any CPU
		{0C5021C8-7E47-4B24-AECF-54FD9898520C}.Release|Any CPU.Build.0 = Release|Any CPU
	EndGlobalSection
	GlobalSection(SolutionProperties) = preSolution
		HideSolutionNode = FALSE
	EndGlobalSection
	GlobalSection(ExtensibilityGlobals) = postSolution
		SolutionGuid = {FBDE351C-E843-42AB-8F06-55AB4D9B9333}
	EndGlobalSection
EndGlobal
